# THIS IS AN AUTOGENERATED FILE. DO NOT EDIT THIS FILE DIRECTLY.
# yarn lockfile v1


"@babel/code-frame@^7.10.4":
  version "7.18.6"
  resolved "https://registry.npmjs.org/@babel/code-frame/-/code-frame-7.18.6.tgz#3b25d38c89600baa2dcc219edfa88a74eb2c427a"
  integrity sha512-TDCmlK5eOvH+eH7cdAFlNXeVJqWIQ7gW9tY1GJIpUtFb6CmjVyq2VM3u71bOyR8CRihcCgMUYoDNyLXao3+70Q==
  dependencies:
    "@babel/highlight" "^7.18.6"

"@babel/helper-validator-identifier@^7.18.6":
  version "7.19.1"
  resolved "https://registry.npmjs.org/@babel/helper-validator-identifier/-/helper-validator-identifier-7.19.1.tgz#7eea834cf32901ffdc1a7ee555e2f9c27e249ca2"
  integrity sha512-awrNfaMtnHUr653GgGEs++LlAvW6w+DcPrOliSMXWCKo597CwL5Acf/wWdNkf/tfEQE3mjkeD1YOVZOUV/od1w==

"@babel/highlight@^7.18.6":
  version "7.18.6"
  resolved "https://registry.npmjs.org/@babel/highlight/-/highlight-7.18.6.tgz#81158601e93e2563795adcbfbdf5d64be3f2ecdf"
  integrity sha512-u7stbOuYjaPezCuLj29hNW1v64M2Md2qupEKP1fHc7WdOA3DgLh37suiSrZYY7haUB7iBeQZ9P1uiRF359do3g==
  dependencies:
    "@babel/helper-validator-identifier" "^7.18.6"
    chalk "^2.0.0"
    js-tokens "^4.0.0"

"@jridgewell/gen-mapping@^0.3.0":
  version "0.3.2"
  resolved "https://registry.npmjs.org/@jridgewell/gen-mapping/-/gen-mapping-0.3.2.tgz#c1aedc61e853f2bb9f5dfe6d4442d3b565b253b9"
  integrity sha512-mh65xKQAzI6iBcFzwv28KVWSmCkdRBWoOh+bYQGW3+6OZvbbN3TqMGo5hqYxQniRcH9F2VZIoJCm4pa3BPDK/A==
  dependencies:
    "@jridgewell/set-array" "^1.0.1"
    "@jridgewell/sourcemap-codec" "^1.4.10"
    "@jridgewell/trace-mapping" "^0.3.9"

"@jridgewell/resolve-uri@3.1.0":
  version "3.1.0"
  resolved "https://registry.npmjs.org/@jridgewell/resolve-uri/-/resolve-uri-3.1.0.tgz#2203b118c157721addfe69d47b70465463066d78"
  integrity sha512-F2msla3tad+Mfht5cJq7LSXcdudKTWCVYUgw6pLFOOHSTtZlj6SWNYAp+AhuqLmWdBO2X5hPrLcu8cVP8fy28w==

"@jridgewell/set-array@^1.0.1":
  version "1.1.2"
  resolved "https://registry.npmjs.org/@jridgewell/set-array/-/set-array-1.1.2.tgz#7c6cf998d6d20b914c0a55a91ae928ff25965e72"
  integrity sha512-xnkseuNADM0gt2bs+BvhO0p78Mk762YnZdsuzFV018NoG1Sj1SCQvpSqa7XUaTam5vAGasABV9qXASMKnFMwMw==

"@jridgewell/source-map@^0.3.2":
  version "0.3.2"
  resolved "https://registry.npmjs.org/@jridgewell/source-map/-/source-map-0.3.2.tgz#f45351aaed4527a298512ec72f81040c998580fb"
  integrity sha512-m7O9o2uR8k2ObDysZYzdfhb08VuEml5oWGiosa1VdaPZ/A6QyPkAJuwN0Q1lhULOf6B7MtQmHENS743hWtCrgw==
  dependencies:
    "@jridgewell/gen-mapping" "^0.3.0"
    "@jridgewell/trace-mapping" "^0.3.9"

"@jridgewell/sourcemap-codec@1.4.14", "@jridgewell/sourcemap-codec@^1.4.10":
  version "1.4.14"
  resolved "https://registry.npmjs.org/@jridgewell/sourcemap-codec/-/sourcemap-codec-1.4.14.tgz#add4c98d341472a289190b424efbdb096991bb24"
  integrity sha512-XPSJHWmi394fuUuzDnGz1wiKqWfo1yXecHQMRf2l6hztTO+nPru658AyDngaBe7isIxEkRsPR3FZh+s7iVa4Uw==

"@jridgewell/trace-mapping@^0.3.9":
  version "0.3.17"
  resolved "https://registry.npmjs.org/@jridgewell/trace-mapping/-/trace-mapping-0.3.17.tgz#793041277af9073b0951a7fe0f0d8c4c98c36985"
  integrity sha512-MCNzAp77qzKca9+W/+I0+sEpaUnZoeasnghNeVc41VZCEKaCH73Vq3BZZ/SzWIgrqE4H4ceI+p+b6C0mHf9T4g==
  dependencies:
    "@jridgewell/resolve-uri" "3.1.0"
    "@jridgewell/sourcemap-codec" "1.4.14"

"@rollup/plugin-typescript@^8.3.0":
  version "8.5.0"
  resolved "https://registry.npmjs.org/@rollup/plugin-typescript/-/plugin-typescript-8.5.0.tgz#7ea11599a15b0a30fa7ea69ce3b791d41b862515"
  integrity sha512-wMv1/scv0m/rXx21wD2IsBbJFba8wGF3ErJIr6IKRfRj49S85Lszbxb4DCo8iILpluTjk2GAAu9CoZt4G3ppgQ==
  dependencies:
    "@rollup/pluginutils" "^3.1.0"
    resolve "^1.17.0"

"@rollup/pluginutils@^3.1.0":
  version "3.1.0"
  resolved "https://registry.npmjs.org/@rollup/pluginutils/-/pluginutils-3.1.0.tgz#706b4524ee6dc8b103b3c995533e5ad680c02b9b"
  integrity sha512-GksZ6pr6TpIjHm8h9lSQ8pi8BE9VeubNT0OMJ3B5uZJ8pz73NPiqOtCog/x2/QzM1ENChPKxMDhiQuRHsqc+lg==
  dependencies:
    "@types/estree" "0.0.39"
    estree-walker "^1.0.1"
    picomatch "^2.2.2"

"@socket.io/component-emitter@~3.1.0":
  version "3.1.0"
  resolved "https://registry.npmjs.org/@socket.io/component-emitter/-/component-emitter-3.1.0.tgz#96116f2a912e0c02817345b3c10751069920d553"
  integrity sha512-+9jVqKhRSpsc591z5vX+X5Yyw+he/HCB4iQ/RYxw35CEPaY1gnsNE43nf9n9AaYjAQrTiI/mOwKUKdUs9vf7Xg==

"@types/estree@0.0.39":
  version "0.0.39"
  resolved "https://registry.npmjs.org/@types/estree/-/estree-0.0.39.tgz#e177e699ee1b8c22d23174caaa7422644389509f"
  integrity sha512-EYNwp3bU+98cpU4lAWYYL7Zz+2gryWH1qbdDTidVd6hkiR6weksdbMadyXKXNPEkQFhXM+hVO9ZygomHXp+AIw==

"@types/node@*":
  version "18.11.17"
  resolved "https://registry.npmjs.org/@types/node/-/node-18.11.17.tgz#5c009e1d9c38f4a2a9d45c0b0c493fe6cdb4bcb5"
  integrity sha512-HJSUJmni4BeDHhfzn6nF0sVmd1SMezP7/4F0Lq+aXzmp2xm9O7WXrUtHW/CHlYVtZUbByEvWidHqRtcJXGF2Ng==

"@types/prop-types@*":
  version "15.7.5"
  resolved "https://registry.npmjs.org/@types/prop-types/-/prop-types-15.7.5.tgz#5f19d2b85a98e9558036f6a3cacc8819420f05cf"
  integrity sha512-JCB8C6SnDoQf0cNycqd/35A7MjcnK+ZTqE7judS6o7utxUCg6imJg3QK2qzHKszlTjcj2cn+NwMB2i96ubpj7w==

"@types/react-dom@^18.0.9":
  version "18.0.9"
  resolved "https://registry.npmjs.org/@types/react-dom/-/react-dom-18.0.9.tgz#ffee5e4bfc2a2f8774b15496474f8e7fe8d0b504"
  integrity sha512-qnVvHxASt/H7i+XG1U1xMiY5t+IHcPGUK7TDMDzom08xa7e86eCeKOiLZezwCKVxJn6NEiiy2ekgX8aQssjIKg==
  dependencies:
    "@types/react" "*"

"@types/react@*":
  version "18.0.26"
  resolved "https://registry.npmjs.org/@types/react/-/react-18.0.26.tgz#8ad59fc01fef8eaf5c74f4ea392621749f0b7917"
  integrity sha512-hCR3PJQsAIXyxhTNSiDFY//LhnMZWpNNr5etoCqx/iUfGc5gXWtQR2Phl908jVR6uPXacojQWTg4qRpkxTuGug==
  dependencies:
    "@types/prop-types" "*"
    "@types/scheduler" "*"
    csstype "^3.0.2"

"@types/scheduler@*":
  version "0.16.2"
  resolved "https://registry.npmjs.org/@types/scheduler/-/scheduler-0.16.2.tgz#1a62f89525723dde24ba1b01b092bf5df8ad4d39"
  integrity sha512-hppQEBDmlwhFAXKJX2KnWLYu5yMfi91yazPb2l+lbJiwW+wdo1gNeRA+3RgNSO39WYX2euey41KEwnqesU2Jew==

"@types/socket.io-client@^3.0.0":
  version "3.0.0"
  resolved "https://registry.npmjs.org/@types/socket.io-client/-/socket.io-client-3.0.0.tgz#d0b8ea22121b7c1df68b6a923002f9c8e3cefb42"
  integrity sha512-s+IPvFoEIjKA3RdJz/Z2dGR4gLgysKi8owcnrVwNjgvc01Lk68LJDDsG2GRqegFITcxmvCMYM7bhMpwEMlHmDg==
  dependencies:
    socket.io-client "*"

acorn@^8.5.0:
  version "8.8.1"
  resolved "https://registry.npmjs.org/acorn/-/acorn-8.8.1.tgz#0a3f9cbecc4ec3bea6f0a80b66ae8dd2da250b73"
  integrity sha512-7zFpHzhnqYKrkYdUjF1HI1bzd0VygEGX8lFk4k5zVMqHEoES+P+7TKI+EvLO9WVMJ8eekdO0aDEK044xTXwPPA==

ansi-styles@^3.2.1:
  version "3.2.1"
  resolved "https://registry.npmjs.org/ansi-styles/-/ansi-styles-3.2.1.tgz#41fbb20243e50b12be0f04b8dedbf07520ce841d"
  integrity sha512-VT0ZI6kZRdTh8YyJw3SMbYm/u+NqfsAxEpWO0Pf9sq8/e94WxxOpPKx9FR1FlyCtOVDNOQ+8ntlqFxiRc+r5qA==
  dependencies:
    color-convert "^1.9.0"

buffer-from@^1.0.0:
  version "1.1.2"
  resolved "https://registry.npmjs.org/buffer-from/-/buffer-from-1.1.2.tgz#2b146a6fd72e80b4f55d255f35ed59a3a9a41bd5"
  integrity sha512-E+XQCRwSbaaiChtv6k6Dwgc+bx+Bs6vuKJHHl5kox/BaKbhiXzqQOwK4cO22yElGp2OCmjwVhT3HmxgyPGnJfQ==

chalk@^2.0.0:
  version "2.4.2"
  resolved "https://registry.npmjs.org/chalk/-/chalk-2.4.2.tgz#cd42541677a54333cf541a49108c1432b44c9424"
  integrity sha512-Mti+f9lpJNcwF4tWV8/OrTTtF1gZi+f8FqlyAdouralcFWFQWF2+NgCHShjkCb+IFBLq9buZwE1xckQU4peSuQ==
  dependencies:
    ansi-styles "^3.2.1"
    escape-string-regexp "^1.0.5"
    supports-color "^5.3.0"

color-convert@^1.9.0:
  version "1.9.3"
  resolved "https://registry.npmjs.org/color-convert/-/color-convert-1.9.3.tgz#bb71850690e1f136567de629d2d5471deda4c1e8"
  integrity sha512-QfAUtd+vFdAtFQcC8CCyYt1fYWxSqAiK2cSD6zDB8N3cpsEBAvRxp9zOGg6G/SHHJYAT88/az/IuDGALsNVbGg==
  dependencies:
    color-name "1.1.3"

color-name@1.1.3:
  version "1.1.3"
  resolved "https://registry.npmjs.org/color-name/-/color-name-1.1.3.tgz#a7d0558bd89c42f795dd42328f740831ca53bc25"
  integrity sha512-72fSenhMw2HZMTVHeCA9KCmpEIbzWiQsjN+BHcBbS9vr1mtt+vJjPdksIBNUmKAW8TFUDPJK5SUU3QhE9NEXDw==

commander@^2.20.0:
  version "2.20.3"
  resolved "https://registry.npmjs.org/commander/-/commander-2.20.3.tgz#fd485e84c03eb4881c20722ba48035e8531aeb33"
  integrity sha512-GpVkmM8vF2vQUkj2LvZmD35JxeJOLCwJ9cUkugyk2nuhbv3+mJvpLYYt+0+USMxE+oj+ey/lJEnhZw75x/OMcQ==

csstype@^3.0.2:
  version "3.1.1"
  resolved "https://registry.npmjs.org/csstype/-/csstype-3.1.1.tgz#841b532c45c758ee546a11d5bd7b7b473c8c30b9"
  integrity sha512-DJR/VvkAvSZW9bTouZue2sSxDwdTN92uHjqeKVm+0dAqdfNykRzQ95tay8aXMBAAPpUiq4Qcug2L7neoRh2Egw==

debug@~4.3.1, debug@~4.3.2:
  version "4.3.4"
  resolved "https://registry.npmjs.org/debug/-/debug-4.3.4.tgz#1319f6579357f2338d3337d2cdd4914bb5dcc865"
  integrity sha512-PRWFHuSU3eDtQJPvnNY7Jcket1j0t5OuOsFzPPzsekD52Zl8qUfFIPEiswXqIvHWGVHOgX+7G/vCNNhehwxfkQ==
  dependencies:
    ms "2.1.2"

engine.io-client@~6.2.3:
  version "6.2.3"
  resolved "https://registry.npmjs.org/engine.io-client/-/engine.io-client-6.2.3.tgz#a8cbdab003162529db85e9de31575097f6d29458"
  integrity sha512-aXPtgF1JS3RuuKcpSrBtimSjYvrbhKW9froICH4s0F3XQWLxsKNxqzG39nnvQZQnva4CMvUK63T7shevxRyYHw==
  dependencies:
    "@socket.io/component-emitter" "~3.1.0"
    debug "~4.3.1"
    engine.io-parser "~5.0.3"
    ws "~8.2.3"
    xmlhttprequest-ssl "~2.0.0"

engine.io-parser@~5.0.3:
  version "5.0.4"
  resolved "https://registry.npmjs.org/engine.io-parser/-/engine.io-parser-5.0.4.tgz#0b13f704fa9271b3ec4f33112410d8f3f41d0fc0"
  integrity sha512-+nVFp+5z1E3HcToEnO7ZIj3g+3k9389DvWtvJZz0T6/eOCPIyyxehFcedoYrZQrp0LgQbD9pPXhpMBKMd5QURg==

escape-string-regexp@^1.0.5:
  version "1.0.5"
  resolved "https://registry.npmjs.org/escape-string-regexp/-/escape-string-regexp-1.0.5.tgz#1b61c0562190a8dff6ae3bb2cf0200ca130b86d4"
  integrity sha512-vbRorB5FUQWvla16U8R/qgaFIya2qGzwDrNmCZuYKrbdSUMG6I1ZCGQRefkRVhuOkIGVne7BQ35DSfo1qvJqFg==

estree-walker@^0.6.1:
  version "0.6.1"
  resolved "https://registry.npmjs.org/estree-walker/-/estree-walker-0.6.1.tgz#53049143f40c6eb918b23671d1fe3219f3a1b362"
  integrity sha512-SqmZANLWS0mnatqbSfRP5g8OXZC12Fgg1IwNtLsyHDzJizORW4khDfjPqJZsemPWBB2uqykUah5YpQ6epsqC/w==

estree-walker@^1.0.1:
  version "1.0.1"
  resolved "https://registry.npmjs.org/estree-walker/-/estree-walker-1.0.1.tgz#31bc5d612c96b704106b477e6dd5d8aa138cb700"
  integrity sha512-1fMXF3YP4pZZVozF8j/ZLfvnR8NSIljt56UhbZ5PeeDmmGHpgpdwQt7ITlGvYaQukCvuBRMLEiKiYC+oeIg4cg==

fsevents@~2.3.2:
  version "2.3.2"
  resolved "https://registry.npmjs.org/fsevents/-/fsevents-2.3.2.tgz#8a526f78b8fdf4623b709e0b975c52c24c02fd1a"
  integrity sha512-xiqMQR4xAeHTuB9uWm+fFRcIOgKBMiOBP+eXiyT7jsgVCq1bkVygt00oASowB7EdtpOHaaPgKt812P9ab+DDKA==

function-bind@^1.1.1:
  version "1.1.1"
  resolved "https://registry.npmjs.org/function-bind/-/function-bind-1.1.1.tgz#a56899d3ea3c9bab874bb9773b7c5ede92f4895d"
  integrity sha512-yIovAzMX49sF8Yl58fSCWJ5svSLuaibPxXQJFLmBObTuCr0Mf1KiPopGM9NiFjiYBCbfaa2Fh6breQ6ANVTI0A==

has-flag@^3.0.0:
  version "3.0.0"
  resolved "https://registry.npmjs.org/has-flag/-/has-flag-3.0.0.tgz#b5d454dc2199ae225699f3467e5a07f3b955bafd"
  integrity sha512-sKJf1+ceQBr4SMkvQnBDNDtf4TXpVhVGateu0t918bl30FnbE2m4vNLX+VWe/dpjlb+HugGYzW7uQXH98HPEYw==

has-flag@^4.0.0:
  version "4.0.0"
  resolved "https://registry.npmjs.org/has-flag/-/has-flag-4.0.0.tgz#944771fd9c81c81265c4d6941860da06bb59479b"
  integrity sha512-EykJT/Q1KjTWctppgIAgfSO0tKVuZUjhgMr17kqTumMl6Afv3EISleU7qZUzoXDFTAHTDC4NOoG/ZxU3EvlMPQ==

has@^1.0.3:
  version "1.0.3"
  resolved "https://registry.npmjs.org/has/-/has-1.0.3.tgz#722d7cbfc1f6aa8241f16dd814e011e1f41e8796"
  integrity sha512-f2dvO0VU6Oej7RkWJGrehjbzMAjFp5/VKPp5tTpWIV4JHHZK1/BxbFRtf/siA2SWTe09caDmVtYYzWEIbBS4zw==
  dependencies:
    function-bind "^1.1.1"

is-core-module@^2.9.0:
  version "2.11.0"
  resolved "https://registry.npmjs.org/is-core-module/-/is-core-module-2.11.0.tgz#ad4cb3e3863e814523c96f3f58d26cc570ff0144"
  integrity sha512-RRjxlvLDkD1YJwDbroBHMb+cukurkDWNyHx7D3oNB5x9rb5ogcksMC5wHCadcXoo67gVr/+3GFySh3134zi6rw==
  dependencies:
    has "^1.0.3"

jest-worker@^26.2.1:
  version "26.6.2"
  resolved "https://registry.npmjs.org/jest-worker/-/jest-worker-26.6.2.tgz#7f72cbc4d643c365e27b9fd775f9d0eaa9c7a8ed"
  integrity sha512-KWYVV1c4i+jbMpaBC+U++4Va0cp8OisU185o73T1vo99hqi7w8tSJfUXYswwqqrjzwxa6KpRK54WhPvwf5w6PQ==
  dependencies:
    "@types/node" "*"
    merge-stream "^2.0.0"
    supports-color "^7.0.0"

js-cleanup@^1.2.0:
  version "1.2.0"
  resolved "https://registry.npmjs.org/js-cleanup/-/js-cleanup-1.2.0.tgz#8dbc65954b1d38b255f1e8cf02cd17b3f7a053f9"
  integrity sha512-JeDD0yiiSt80fXzAVa/crrS0JDPQljyBG/RpOtaSbyDq03VHa9szJWMaWOYU/bcTn412uMN2MxApXq8v79cUiQ==
  dependencies:
    magic-string "^0.25.7"
    perf-regexes "^1.0.1"
    skip-regex "^1.0.2"

js-tokens@^4.0.0:
  version "4.0.0"
  resolved "https://registry.npmjs.org/js-tokens/-/js-tokens-4.0.0.tgz#19203fb59991df98e3a287050d4647cdeaf32499"
  integrity sha512-RdJUflcE3cUzKiMqQgsCu06FPu9UdIJO0beYbPhHN4k6apgJtifcoCtT9bcxOpYBtpD2kCM6Sbzg4CausW/PKQ==

magic-string@^0.25.7:
  version "0.25.9"
  resolved "https://registry.npmjs.org/magic-string/-/magic-string-0.25.9.tgz#de7f9faf91ef8a1c91d02c2e5314c8277dbcdd1c"
  integrity sha512-RmF0AsMzgt25qzqqLc1+MbHmhdx0ojF2Fvs4XnOqz2ZOBXzzkEwc/dJQZCYHAn7v1jbVOjAZfK8msRn4BxO4VQ==
  dependencies:
    sourcemap-codec "^1.4.8"

merge-stream@^2.0.0:
  version "2.0.0"
  resolved "https://registry.npmjs.org/merge-stream/-/merge-stream-2.0.0.tgz#52823629a14dd00c9770fb6ad47dc6310f2c1f60"
  integrity sha512-abv/qOcuPfk3URPfDzmZU1LKmuw8kT+0nIHvKrKgFrwifol/doWcdA4ZqsWQ8ENrFKkd67Mfpo/LovbIUsbt3w==

ms@2.1.2:
  version "2.1.2"
  resolved "https://registry.npmjs.org/ms/-/ms-2.1.2.tgz#d09d1f357b443f493382a8eb3ccd183872ae6009"
  integrity sha512-sGkPx+VjMtmA6MX27oA4FBFELFCZZ4S4XqeGOXCv68tT+jb3vk/RyaKWP0PTKyWtmLSM0b+adUTEvbs1PEaH2w==

path-parse@^1.0.7:
  version "1.0.7"
  resolved "https://registry.npmjs.org/path-parse/-/path-parse-1.0.7.tgz#fbc114b60ca42b30d9daf5858e4bd68bbedb6735"
  integrity sha512-LDJzPVEEEPR+y48z93A0Ed0yXb8pAByGWo/k5YYdYgpY2/2EsOsksJrq7lOHxryrVOn1ejG6oAp8ahvOIQD8sw==

perf-regexes@^1.0.1:
  version "1.0.1"
  resolved "https://registry.npmjs.org/perf-regexes/-/perf-regexes-1.0.1.tgz#6da1d62f5a94bf9353a0451bccacf69068b75d0b"
  integrity sha512-L7MXxUDtqr4PUaLFCDCXBfGV/6KLIuSEccizDI7JxT+c9x1G1v04BQ4+4oag84SHaCdrBgQAIs/Cqn+flwFPng==

picomatch@^2.2.2:
  version "2.3.1"
  resolved "https://registry.npmjs.org/picomatch/-/picomatch-2.3.1.tgz#3ba3833733646d9d3e4995946c1365a67fb07a42"
  integrity sha512-JU3teHTNjmE2VCGFzuY8EXzCDVwEqB2a8fsIvwaStHhAWJEeVd1o1QD80CU6+ZdEXXSLbSsuLwJjkCBWqRQUVA==

randombytes@^2.1.0:
  version "2.1.0"
  resolved "https://registry.npmjs.org/randombytes/-/randombytes-2.1.0.tgz#df6f84372f0270dc65cdf6291349ab7a473d4f2a"
  integrity sha512-vYl3iOX+4CKUWuxGi9Ukhie6fsqXqS9FE2Zaic4tNFD2N2QQaXOMFbuKK4QmDHC0JO6B1Zp41J0LpT0oR68amQ==
  dependencies:
    safe-buffer "^5.1.0"

resolve@^1.17.0:
  version "1.22.1"
  resolved "https://registry.npmjs.org/resolve/-/resolve-1.22.1.tgz#27cb2ebb53f91abb49470a928bba7558066ac177"
  integrity sha512-nBpuuYuY5jFsli/JIs1oldw6fOQCBioohqWZg/2hiaOybXOft4lonv85uDOKXdf8rhyK159cxU5cDcK/NKk8zw==
  dependencies:
    is-core-module "^2.9.0"
    path-parse "^1.0.7"
    supports-preserve-symlinks-flag "^1.0.0"

rollup-plugin-cleanup@^3.2.1:
  version "3.2.1"
  resolved "https://registry.npmjs.org/rollup-plugin-cleanup/-/rollup-plugin-cleanup-3.2.1.tgz#8cbc92ecf58babd7c210051929797f137bbf777c"
  integrity sha512-zuv8EhoO3TpnrU8MX8W7YxSbO4gmOR0ny06Lm3nkFfq0IVKdBUtHwhVzY1OAJyNCIAdLiyPnOrU0KnO0Fri1GQ==
  dependencies:
    js-cleanup "^1.2.0"
    rollup-pluginutils "^2.8.2"

rollup-plugin-terser@^7.0.2:
  version "7.0.2"
  resolved "https://registry.npmjs.org/rollup-plugin-terser/-/rollup-plugin-terser-7.0.2.tgz#e8fbba4869981b2dc35ae7e8a502d5c6c04d324d"
  integrity sha512-w3iIaU4OxcF52UUXiZNsNeuXIMDvFrr+ZXK6bFZ0Q60qyVfq4uLptoS4bbq3paG3x216eQllFZX7zt6TIImguQ==
  dependencies:
    "@babel/code-frame" "^7.10.4"
    jest-worker "^26.2.1"
    serialize-javascript "^4.0.0"
    terser "^5.0.0"

rollup-pluginutils@^2.8.2:
  version "2.8.2"
  resolved "https://registry.npmjs.org/rollup-pluginutils/-/rollup-pluginutils-2.8.2.tgz#72f2af0748b592364dbd3389e600e5a9444a351e"
  integrity sha512-EEp9NhnUkwY8aif6bxgovPHMoMoNr2FulJziTndpt5H9RdwC47GSGuII9XxpSdzVGM0GWrNPHV6ie1LTNJPaLQ==
  dependencies:
    estree-walker "^0.6.1"

rollup@^2.64.0:
  version "2.79.1"
  resolved "https://registry.npmjs.org/rollup/-/rollup-2.79.1.tgz#bedee8faef7c9f93a2647ac0108748f497f081c7"
  integrity sha512-uKxbd0IhMZOhjAiD5oAFp7BqvkA4Dv47qpOCtaNvng4HBwdbWtdOh8f5nZNuk2rp51PMGk3bzfWu5oayNEuYnw==
  optionalDependencies:
    fsevents "~2.3.2"

safe-buffer@^5.1.0:
  version "5.2.1"
  resolved "https://registry.npmjs.org/safe-buffer/-/safe-buffer-5.2.1.tgz#1eaf9fa9bdb1fdd4ec75f58f9cdb4e6b7827eec6"
  integrity sha512-rp3So07KcdmmKbGvgaNxQSJr7bGVSVk5S9Eq1F+ppbRo70+YeaDxkw5Dd8NPN+GD6bjnYm2VuPuCXmpuYvmCXQ==

serialize-javascript@^4.0.0:
  version "4.0.0"
  resolved "https://registry.npmjs.org/serialize-javascript/-/serialize-javascript-4.0.0.tgz#b525e1238489a5ecfc42afacc3fe99e666f4b1aa"
  integrity sha512-GaNA54380uFefWghODBWEGisLZFj00nS5ACs6yHa9nLqlLpVLO8ChDGeKRjZnV4Nh4n0Qi7nhYZD/9fCPzEqkw==
  dependencies:
    randombytes "^2.1.0"

skip-regex@^1.0.2:
  version "1.0.2"
  resolved "https://registry.npmjs.org/skip-regex/-/skip-regex-1.0.2.tgz#ac655d77e7c771ac2b9f37585fea37bff56ad65b"
  integrity sha512-pEjMUbwJ5Pl/6Vn6FsamXHXItJXSRftcibixDmNCWbWhic0hzHrwkMZo0IZ7fMRH9KxcWDFSkzhccB4285PutA==

socket.io-client@*, socket.io-client@^4.5.3:
  version "4.5.4"
  resolved "https://registry.npmjs.org/socket.io-client/-/socket.io-client-4.5.4.tgz#d3cde8a06a6250041ba7390f08d2468ccebc5ac9"
  integrity sha512-ZpKteoA06RzkD32IbqILZ+Cnst4xewU7ZYK12aS1mzHftFFjpoMz69IuhP/nL25pJfao/amoPI527KnuhFm01g==
  dependencies:
    "@socket.io/component-emitter" "~3.1.0"
    debug "~4.3.2"
    engine.io-client "~6.2.3"
    socket.io-parser "~4.2.1"

socket.io-parser@~4.2.1:
  version "4.2.1"
  resolved "https://registry.npmjs.org/socket.io-parser/-/socket.io-parser-4.2.1.tgz#01c96efa11ded938dcb21cbe590c26af5eff65e5"
  integrity sha512-V4GrkLy+HeF1F/en3SpUaM+7XxYXpuMUWLGde1kSSh5nQMN4hLrbPIkD+otwh6q9R6NOQBN4AMaOZ2zVjui82g==
  dependencies:
    "@socket.io/component-emitter" "~3.1.0"
    debug "~4.3.1"

source-map-support@~0.5.20:
  version "0.5.21"
  resolved "https://registry.npmjs.org/source-map-support/-/source-map-support-0.5.21.tgz#04fe7c7f9e1ed2d662233c28cb2b35b9f63f6e4f"
  integrity sha512-uBHU3L3czsIyYXKX88fdrGovxdSCoTGDRZ6SYXtSRxLZUzHg5P/66Ht6uoUlHu9EZod+inXhKo3qQgwXUT/y1w==
  dependencies:
    buffer-from "^1.0.0"
    source-map "^0.6.0"

source-map@^0.6.0:
  version "0.6.1"
  resolved "https://registry.npmjs.org/source-map/-/source-map-0.6.1.tgz#74722af32e9614e9c287a8d0bbde48b5e2f1a263"
  integrity sha512-UjgapumWlbMhkBgzT7Ykc5YXUT46F0iKu8SGXq0bcwP5dz/h0Plj6enJqjz1Zbq2l5WaqYnrVbwWOWMyF3F47g==

sourcemap-codec@^1.4.8:
  version "1.4.8"
  resolved "https://registry.npmjs.org/sourcemap-codec/-/sourcemap-codec-1.4.8.tgz#ea804bd94857402e6992d05a38ef1ae35a9ab4c4"
  integrity sha512-9NykojV5Uih4lgo5So5dtw+f0JgJX30KCNI8gwhz2J9A15wD0Ml6tjHKwf6fTSa6fAdVBdZeNOs9eJ71qCk8vA==

supports-color@^5.3.0:
  version "5.5.0"
  resolved "https://registry.npmjs.org/supports-color/-/supports-color-5.5.0.tgz#e2e69a44ac8772f78a1ec0b35b689df6530efc8f"
  integrity sha512-QjVjwdXIt408MIiAqCX4oUKsgU2EqAGzs2Ppkm4aQYbjm+ZEWEcW4SfFNTr4uMNZma0ey4f5lgLrkB0aX0QMow==
  dependencies:
    has-flag "^3.0.0"

supports-color@^7.0.0:
  version "7.2.0"
  resolved "https://registry.npmjs.org/supports-color/-/supports-color-7.2.0.tgz#1b7dcdcb32b8138801b3e478ba6a51caa89648da"
  integrity sha512-qpCAvRl9stuOHveKsn7HncJRvv501qIacKzQlO/+Lwxc9+0q2wLyv4Dfvt80/DPn2pqOBsJdDiogXGR9+OvwRw==
  dependencies:
    has-flag "^4.0.0"

supports-preserve-symlinks-flag@^1.0.0:
  version "1.0.0"
  resolved "https://registry.npmjs.org/supports-preserve-symlinks-flag/-/supports-preserve-symlinks-flag-1.0.0.tgz#6eda4bd344a3c94aea376d4cc31bc77311039e09"
  integrity sha512-ot0WnXS9fgdkgIcePe6RHNk1WA8+muPa6cSjeR3V8K27q9BB1rTE3R1p7Hv0z1ZyAc8s6Vvv8DIyWf681MAt0w==

terser@^5.0.0:
  version "5.16.1"
  resolved "https://registry.npmjs.org/terser/-/terser-5.16.1.tgz#5af3bc3d0f24241c7fb2024199d5c461a1075880"
  integrity sha512-xvQfyfA1ayT0qdK47zskQgRZeWLoOQ8JQ6mIgRGVNwZKdQMU+5FkCBjmv4QjcrTzyZquRw2FVtlJSRUmMKQslw==
  dependencies:
    "@jridgewell/source-map" "^0.3.2"
    acorn "^8.5.0"
    commander "^2.20.0"
    source-map-support "~0.5.20"

tslib@^2.3.1:
  version "2.4.1"
  resolved "https://registry.npmjs.org/tslib/-/tslib-2.4.1.tgz#0d0bfbaac2880b91e22df0768e55be9753a5b17e"
  integrity sha512-tGyy4dAjRIEwI7BzsB0lynWgOpfqjUdq91XXAlIWD2OwKBH7oCl/GZG/HT4BOHrTlPMOASlMQ7veyTqpmRcrNA==

typescript@^4.5.5:
  version "4.9.4"
  resolved "https://registry.npmjs.org/typescript/-/typescript-4.9.4.tgz#a2a3d2756c079abda241d75f149df9d561091e78"
  integrity sha512-Uz+dTXYzxXXbsFpM86Wh3dKCxrQqUcVMxwU54orwlJjOpO3ao8L7j5lH+dWfTwgCwIuM9GQ2kvVotzYJMXTBZg==

ws@~8.2.3:
  version "8.2.3"
  resolved "https://registry.npmjs.org/ws/-/ws-8.2.3.tgz#63a56456db1b04367d0b721a0b80cae6d8becbba"
  integrity sha512-wBuoj1BDpC6ZQ1B7DWQBYVLphPWkm8i9Y0/3YdHjHKHiohOJ1ws+3OccDWtH+PoC9DZD5WOTrJvNbWvjS6JWaA==

xmlhttprequest-ssl@~2.0.0:
  version "2.0.0"
  resolved "https://registry.npmjs.org/xmlhttprequest-ssl/-/xmlhttprequest-ssl-2.0.0.tgz#91360c86b914e67f44dce769180027c0da618c67"
  integrity sha512-QKxVRxiRACQcVuQEYFsI1hhkrMlrXHPegbbd1yn9UHOmRxY+si12nQYzri3vbzt8VdTTRviqcKxcyllFas5z2A==
